// !$*UTF8*$!
{
	archiveVersion = 1;
	classes = {
	};
	objectVersion = 56;
	objects = {

/* Begin PBXBuildFile section */
		187779F129E8122C000E5E4D /* AppDelegate.swift in Sources */ = {isa = PBXBuildFile; fileRef = 187779F029E8122C000E5E4D /* AppDelegate.swift */; };
		187779F329E8122C000E5E4D /* SceneDelegate.swift in Sources */ = {isa = PBXBuildFile; fileRef = 187779F229E8122C000E5E4D /* SceneDelegate.swift */; };
		187779F529E8122C000E5E4D /* ViewController.swift in Sources */ = {isa = PBXBuildFile; fileRef = 187779F429E8122C000E5E4D /* ViewController.swift */; };
		187779F829E8122C000E5E4D /* Main.storyboard in Resources */ = {isa = PBXBuildFile; fileRef = 187779F629E8122C000E5E4D /* Main.storyboard */; };
		187779FA29E8122E000E5E4D /* Assets.xcassets in Resources */ = {isa = PBXBuildFile; fileRef = 187779F929E8122E000E5E4D /* Assets.xcassets */; };
		187779FD29E8122E000E5E4D /* LaunchScreen.storyboard in Resources */ = {isa = PBXBuildFile; fileRef = 187779FB29E8122E000E5E4D /* LaunchScreen.storyboard */; };
		18AE88E629EAC9410012A910 /* SettingViewController.swift in Sources */ = {isa = PBXBuildFile; fileRef = 18AE88E529EAC9410012A910 /* SettingViewController.swift */; };
		AC6B5C1FA8E6FCED83EBA9F9 /* Pods_HelthApp2.framework in Frameworks */ = {isa = PBXBuildFile; fileRef = 64D572FB90F2FC514C6EC98C /* Pods_HelthApp2.framework */; };
/* End PBXBuildFile section */

/* Begin PBXFileReference section */
		187779ED29E8122C000E5E4D /* HelthApp2.app */ = {isa = PBXFileReference; explicitFileType = wrapper.application; includeInIndex = 0; path = HelthApp2.app; sourceTree = BUILT_PRODUCTS_DIR; };
		187779F029E8122C000E5E4D /* AppDelegate.swift */ = {isa = PBXFileReference; lastKnownFileType = sourcecode.swift; path = AppDelegate.swift; sourceTree = "<group>"; };
		187779F229E8122C000E5E4D /* SceneDelegate.swift */ = {isa = PBXFileReference; lastKnownFileType = sourcecode.swift; path = SceneDelegate.swift; sourceTree = "<group>"; };
		187779F429E8122C000E5E4D /* ViewController.swift */ = {isa = PBXFileReference; lastKnownFileType = sourcecode.swift; path = ViewController.swift; sourceTree = "<group>"; };
		187779F729E8122C000E5E4D /* Base */ = {isa = PBXFileReference; lastKnownFileType = file.storyboard; name = Base; path = Base.lproj/Main.storyboard; sourceTree = "<group>"; };
		187779F929E8122E000E5E4D /* Assets.xcassets */ = {isa = PBXFileReference; lastKnownFileType = folder.assetcatalog; path = Assets.xcassets; sourceTree = "<group>"; };
		187779FC29E8122E000E5E4D /* Base */ = {isa = PBXFileReference; lastKnownFileType = file.storyboard; name = Base; path = Base.lproj/LaunchScreen.storyboard; sourceTree = "<group>"; };
		187779FE29E8122E000E5E4D /* Info.plist */ = {isa = PBXFileReference; lastKnownFileType = text.plist.xml; path = Info.plist; sourceTree = "<group>"; };
		18AE88E529EAC9410012A910 /* SettingViewController.swift */ = {isa = PBXFileReference; lastKnownFileType = sourcecode.swift; path = SettingViewController.swift; sourceTree = "<group>"; };
		40242D75D77800A93F627593 /* Pods-HelthApp2.release.xcconfig */ = {isa = PBXFileReference; includeInIndex = 1; lastKnownFileType = text.xcconfig; name = "Pods-HelthApp2.release.xcconfig"; path = "Target Support Files/Pods-HelthApp2/Pods-HelthApp2.release.xcconfig"; sourceTree = "<group>"; };
		64D572FB90F2FC514C6EC98C /* Pods_HelthApp2.framework */ = {isa = PBXFileReference; explicitFileType = wrapper.framework; includeInIndex = 0; path = Pods_HelthApp2.framework; sourceTree = BUILT_PRODUCTS_DIR; };
		C210CEC4FE4E7942591EB922 /* Pods-HelthApp2.debug.xcconfig */ = {isa = PBXFileReference; includeInIndex = 1; lastKnownFileType = text.xcconfig; name = "Pods-HelthApp2.debug.xcconfig"; path = "Target Support Files/Pods-HelthApp2/Pods-HelthApp2.debug.xcconfig"; sourceTree = "<group>"; };
/* End PBXFileReference section */

/* Begin PBXFrameworksBuildPhase section */
		187779EA29E8122C000E5E4D /* Frameworks */ = {
			isa = PBXFrameworksBuildPhase;
			buildActionMask = 2147483647;
			files = (
				AC6B5C1FA8E6FCED83EBA9F9 /* Pods_HelthApp2.framework in Frameworks */,
			);
			runOnlyForDeploymentPostprocessing = 0;
		};
/* End PBXFrameworksBuildPhase section */

/* Begin PBXGroup section */
		187779E429E8122C000E5E4D = {
			isa = PBXGroup;
			children = (
				187779EF29E8122C000E5E4D /* HelthApp2 */,
				187779EE29E8122C000E5E4D /* Products */,
				55C9BF7554227C1081C4AAE6 /* Pods */,
				8B361AC8FBFB6AF51AAAF1CF /* Frameworks */,
			);
			sourceTree = "<group>";
		};
		187779EE29E8122C000E5E4D /* Products */ = {
			isa = PBXGroup;
			children = (
				187779ED29E8122C000E5E4D /* HelthApp2.app */,
			);
			name = Products;
			sourceTree = "<group>";
		};
		187779EF29E8122C000E5E4D /* HelthApp2 */ = {
			isa = PBXGroup;
			children = (
				187779F029E8122C000E5E4D /* AppDelegate.swift */,
				187779F229E8122C000E5E4D /* SceneDelegate.swift */,
				187779F429E8122C000E5E4D /* ViewController.swift */,
				18AE88E529EAC9410012A910 /* SettingViewController.swift */,
				187779F629E8122C000E5E4D /* Main.storyboard */,
				187779F929E8122E000E5E4D /* Assets.xcassets */,
				187779FB29E8122E000E5E4D /* LaunchScreen.storyboard */,
				187779FE29E8122E000E5E4D /* Info.plist */,
			);
			path = HelthApp2;
			sourceTree = "<group>";
		};
		55C9BF7554227C1081C4AAE6 /* Pods */ = {
			isa = PBXGroup;
			children = (
				C210CEC4FE4E7942591EB922 /* Pods-HelthApp2.debug.xcconfig */,
				40242D75D77800A93F627593 /* Pods-HelthApp2.release.xcconfig */,
			);
			path = Pods;
			sourceTree = "<group>";
		};
		8B361AC8FBFB6AF51AAAF1CF /* Frameworks */ = {
			isa = PBXGroup;
			children = (
				64D572FB90F2FC514C6EC98C /* Pods_HelthApp2.framework */,
			);
			name = Frameworks;
			sourceTree = "<group>";
		};
/* End PBXGroup section */

/* Begin PBXNativeTarget section */
		187779EC29E8122C000E5E4D /* HelthApp2 */ = {
			isa = PBXNativeTarget;
			buildConfigurationList = 18777A0129E8122E000E5E4D /* Build configuration list for PBXNativeTarget "HelthApp2" */;
			buildPhases = (
				9DAFB7DBE477011718C0F72B /* [CP] Check Pods Manifest.lock */,
				187779E929E8122C000E5E4D /* Sources */,
				187779EA29E8122C000E5E4D /* Frameworks */,
				187779EB29E8122C000E5E4D /* Resources */,
				3DC29A3610BE3263C2168F46 /* [CP] Embed Pods Frameworks */,
			);
			buildRules = (
			);
			dependencies = (
			);
			name = HelthApp2;
			productName = HelthApp2;
			productReference = 187779ED29E8122C000E5E4D /* HelthApp2.app */;
			productType = "com.apple.product-type.application";
		};
/* End PBXNativeTarget section */

/* Begin PBXProject section */
		187779E529E8122C000E5E4D /* Project object */ = {
			isa = PBXProject;
			attributes = {
				BuildIndependentTargetsInParallel = 1;
				LastSwiftUpdateCheck = 1430;
				LastUpgradeCheck = 1430;
				TargetAttributes = {
					187779EC29E8122C000E5E4D = {
						CreatedOnToolsVersion = 14.3;
					};
				};
			};
			buildConfigurationList = 187779E829E8122C000E5E4D /* Build configuration list for PBXProject "HelthApp2" */;
			compatibilityVersion = "Xcode 14.0";
			developmentRegion = en;
			hasScannedForEncodings = 0;
			knownRegions = (
				en,
				Base,
			);
			mainGroup = 187779E429E8122C000E5E4D;
			productRefGroup = 187779EE29E8122C000E5E4D /* Products */;
			projectDirPath = "";
			projectRoot = "";
			targets = (
				187779EC29E8122C000E5E4D /* HelthApp2 */,
			);
		};
/* End PBXProject section */

/* Begin PBXResourcesBuildPhase section */
		187779EB29E8122C000E5E4D /* Resources */ = {
			isa = PBXResourcesBuildPhase;
			buildActionMask = 2147483647;
			files = (
				187779FD29E8122E000E5E4D /* LaunchScreen.storyboard in Resources */,
				187779FA29E8122E000E5E4D /* Assets.xcassets in Resources */,
				187779F829E8122C000E5E4D /* Main.storyboard in Resources */,
			);
			runOnlyForDeploymentPostprocessing = 0;
		};
/* End PBXResourcesBuildPhase section */

/* Begin PBXShellScriptBuildPhase section */
		3DC29A3610BE3263C2168F46 /* [CP] Embed Pods Frameworks */ = {
			isa = PBXShellScriptBuildPhase;
			buildActionMask = 2147483647;
			files = (
			);
			inputFileListPaths = (
				"${PODS_ROOT}/Target Support Files/Pods-HelthApp2/Pods-HelthApp2-frameworks-${CONFIGURATION}-input-files.xcfilelist",
			);
			name = "[CP] Embed Pods Frameworks";
			outputFileListPaths = (
				"${PODS_ROOT}/Target Support Files/Pods-HelthApp2/Pods-HelthApp2-frameworks-${CONFIGURATION}-output-files.xcfilelist",
			);
			runOnlyForDeploymentPostprocessing = 0;
			shellPath = /bin/sh;
			shellScript = "\"${PODS_ROOT}/Target Support Files/Pods-HelthApp2/Pods-HelthApp2-frameworks.sh\"\n";
			showEnvVarsInLog = 0;
		};
		9DAFB7DBE477011718C0F72B /* [CP] Check Pods Manifest.lock */ = {
			isa = PBXShellScriptBuildPhase;
			buildActionMask = 2147483647;
			files = (
			);
			inputFileListPaths = (
			);
			inputPaths = (
				"${PODS_PODFILE_DIR_PATH}/Podfile.lock",
				"${PODS_ROOT}/Manifest.lock",
			);
			name = "[CP] Check Pods Manifest.lock";
			outputFileListPaths = (
			);
			outputPaths = (
				"$(DERIVED_FILE_DIR)/Pods-HelthApp2-checkManifestLockResult.txt",
			);
			runOnlyForDeploymentPostprocessing = 0;
			shellPath = /bin/sh;
			shellScript = "diff \"${PODS_PODFILE_DIR_PATH}/Podfile.lock\" \"${PODS_ROOT}/Manifest.lock\" > /dev/null\nif [ $? != 0 ] ; then\n    # print error to STDERR\n    echo \"error: The sandbox is not in sync with the Podfile.lock. Run 'pod install' or update your CocoaPods installation.\" >&2\n    exit 1\nfi\n# This output is used by Xcode 'outputs' to avoid re-running this script phase.\necho \"SUCCESS\" > \"${SCRIPT_OUTPUT_FILE_0}\"\n";
			showEnvVarsInLog = 0;
		};
/* End PBXShellScriptBuildPhase section */

/* Begin PBXSourcesBuildPhase section */
		187779E929E8122C000E5E4D /* Sources */ = {
			isa = PBXSourcesBuildPhase;
			buildActionMask = 2147483647;
			files = (
				187779F529E8122C000E5E4D /* ViewController.swift in Sources */,
				187779F129E8122C000E5E4D /* AppDelegate.swift in Sources */,
				187779F329E8122C000E5E4D /* SceneDelegate.swift in Sources */,
				18AE88E629EAC9410012A910 /* SettingViewController.swift in Sources */,
			);
			runOnlyForDeploymentPostprocessing = 0;
		};
/* End PBXSourcesBuildPhase section */

/* Begin PBXVariantGroup section */
		187779F629E8122C000E5E4D /* Main.storyboard */ = {
			isa = PBXVariantGroup;
			children = (
				187779F729E8122C000E5E4D /* Base */,
			);
			name = Main.storyboard;
			sourceTree = "<group>";
		};
		187779FB29E8122E000E5E4D /* LaunchScreen.storyboard */ = {
			isa = PBXVariantGroup;
			children = (
				187779FC29E8122E000E5E4D /* Base */,
			);
			name = LaunchScreen.storyboard;
			sourceTree = "<group>";
		};
/* End PBXVariantGroup section */

/* Begin XCBuildConfiguration section */
		187779FF29E8122E000E5E4D /* Debug */ = {
			isa = XCBuildConfiguration;
			buildSettings = {
				ALWAYS_SEARCH_USER_PATHS = NO;
				CLANG_ANALYZER_NONNULL = YES;
				CLANG_ANALYZER_NUMBER_OBJECT_CONVERSION = YES_AGGRESSIVE;
				CLANG_CXX_LANGUAGE_STANDARD = "gnu++20";
				CLANG_ENABLE_MODULES = YES;
				CLANG_ENABLE_OBJC_ARC = YES;
				CLANG_ENABLE_OBJC_WEAK = YES;
				CLANG_WARN_BLOCK_CAPTURE_AUTORELEASING = YES;
				CLANG_WARN_BOOL_CONVERSION = YES;
				CLANG_WARN_COMMA = YES;
				CLANG_WARN_CONSTANT_CONVERSION = YES;
				CLANG_WARN_DEPRECATED_OBJC_IMPLEMENTATIONS = YES;
				CLANG_WARN_DIRECT_OBJC_ISA_USAGE = YES_ERROR;
				CLANG_WARN_DOCUMENTATION_COMMENTS = YES;
				CLANG_WARN_EMPTY_BODY = YES;
				CLANG_WARN_ENUM_CONVERSION = YES;
				CLANG_WARN_INFINITE_RECURSION = YES;
				CLANG_WARN_INT_CONVERSION = YES;
				CLANG_WARN_NON_LITERAL_NULL_CONVERSION = YES;
				CLANG_WARN_OBJC_IMPLICIT_RETAIN_SELF = YES;
				CLANG_WARN_OBJC_LITERAL_CONVERSION = YES;
				CLANG_WARN_OBJC_ROOT_CLASS = YES_ERROR;
				CLANG_WARN_QUOTED_INCLUDE_IN_FRAMEWORK_HEADER = YES;
				CLANG_WARN_RANGE_LOOP_ANALYSIS = YES;
				CLANG_WARN_STRICT_PROTOTYPES = YES;
				CLANG_WARN_SUSPICIOUS_MOVE = YES;
				CLANG_WARN_UNGUARDED_AVAILABILITY = YES_AGGRESSIVE;
				CLANG_WARN_UNREACHABLE_CODE = YES;
				CLANG_WARN__DUPLICATE_METHOD_MATCH = YES;
				COPY_PHASE_STRIP = NO;
				DEBUG_INFORMATION_FORMAT = dwarf;
				ENABLE_STRICT_OBJC_MSGSEND = YES;
				ENABLE_TESTABILITY = YES;
				GCC_C_LANGUAGE_STANDARD = gnu11;
				GCC_DYNAMIC_NO_PIC = NO;
				GCC_NO_COMMON_BLOCKS = YES;
				GCC_OPTIMIZATION_LEVEL = 0;
				GCC_PREPROCESSOR_DEFINITIONS = (
					"DEBUG=1",
					"$(inherited)",
				);
				GCC_WARN_64_TO_32_BIT_CONVERSION = YES;
				GCC_WARN_ABOUT_RETURN_TYPE = YES_ERROR;
				GCC_WARN_UNDECLARED_SELECTOR = YES;
				GCC_WARN_UNINITIALIZED_AUTOS = YES_AGGRESSIVE;
				GCC_WARN_UNUSED_FUNCTION = YES;
				GCC_WARN_UNUSED_VARIABLE = YES;
				IPHONEOS_DEPLOYMENT_TARGET = 16.4;
				MTL_ENABLE_DEBUG_INFO = INCLUDE_SOURCE;
				MTL_FAST_MATH = YES;
				ONLY_ACTIVE_ARCH = YES;
				SDKROOT = iphoneos;
				SWIFT_ACTIVE_COMPILATION_CONDITIONS = DEBUG;
				SWIFT_OPTIMIZATION_LEVEL = "-Onone";
			};
			name = Debug;
		};
		18777A0029E8122E000E5E4D /* Release */ = {
			isa = XCBuildConfiguration;
			buildSettings = {
				ALWAYS_SEARCH_USER_PATHS = NO;
				CLANG_ANALYZER_NONNULL = YES;
				CLANG_ANALYZER_NUMBER_OBJECT_CONVERSION = YES_AGGRESSIVE;
				CLANG_CXX_LANGUAGE_STANDARD = "gnu++20";
				CLANG_ENABLE_MODULES = YES;
				CLANG_ENABLE_OBJC_ARC = YES;
				CLANG_ENABLE_OBJC_WEAK = YES;
				CLANG_WARN_BLOCK_CAPTURE_AUTORELEASING = YES;
				CLANG_WARN_BOOL_CONVERSION = YES;
				CLANG_WARN_COMMA = YES;
				CLANG_WARN_CONSTANT_CONVERSION = YES;
				CLANG_WARN_DEPRECATED_OBJC_IMPLEMENTATIONS = YES;
				CLANG_WARN_DIRECT_OBJC_ISA_USAGE = YES_ERROR;
				CLANG_WARN_DOCUMENTATION_COMMENTS = YES;
				CLANG_WARN_EMPTY_BODY = YES;
				CLANG_WARN_ENUM_CONVERSION = YES;
				CLANG_WARN_INFINITE_RECURSION = YES;
				CLANG_WARN_INT_CONVERSION = YES;
				CLANG_WARN_NON_LITERAL_NULL_CONVERSION = YES;
				CLANG_WARN_OBJC_IMPLICIT_RETAIN_SELF = YES;
				CLANG_WARN_OBJC_LITERAL_CONVERSION = YES;
				CLANG_WARN_OBJC_ROOT_CLASS = YES_ERROR;
				CLANG_WARN_QUOTED_INCLUDE_IN_FRAMEWORK_HEADER = YES;
				CLANG_WARN_RANGE_LOOP_ANALYSIS = YES;
				CLANG_WARN_STRICT_PROTOTYPES = YES;
				CLANG_WARN_SUSPICIOUS_MOVE = YES;
				CLANG_WARN_UNGUARDED_AVAILABILITY = YES_AGGRESSIVE;
				CLANG_WARN_UNREACHABLE_CODE = YES;
				CLANG_WARN__DUPLICATE_METHOD_MATCH = YES;
				COPY_PHASE_STRIP = NO;
				DEBUG_INFORMATION_FORMAT = "dwarf-with-dsym";
				ENABLE_NS_ASSERTIONS = NO;
				ENABLE_STRICT_OBJC_MSGSEND = YES;
				GCC_C_LANGUAGE_STANDARD = gnu11;
				GCC_NO_COMMON_BLOCKS = YES;
				GCC_WARN_64_TO_32_BIT_CONVERSION = YES;
				GCC_WARN_ABOUT_RETURN_TYPE = YES_ERROR;
				GCC_WARN_UNDECLARED_SELECTOR = YES;
				GCC_WARN_UNINITIALIZED_AUTOS = YES_AGGRESSIVE;
				GCC_WARN_UNUSED_FUNCTION = YES;
				GCC_WARN_UNUSED_VARIABLE = YES;
				IPHONEOS_DEPLOYMENT_TARGET = 16.4;
				MTL_ENABLE_DEBUG_INFO = NO;
				MTL_FAST_MATH = YES;
				SDKROOT = iphoneos;
				SWIFT_COMPILATION_MODE = wholemodule;
				SWIFT_OPTIMIZATION_LEVEL = "-O";
				VALIDATE_PRODUCT = YES;
			};
			name = Release;
		};
		18777A0229E8122E000E5E4D /* Debug */ = {
			isa = XCBuildConfiguration;
			baseConfigurationReference = C210CEC4FE4E7942591EB922 /* Pods-HelthApp2.debug.xcconfig */;
			buildSettings = {
				ASSETCATALOG_COMPILER_APPICON_NAME = AppIcon;
				ASSETCATALOG_COMPILER_GLOBAL_ACCENT_COLOR_NAME = AccentColor;
				CODE_SIGN_STYLE = Automatic;
				CURRENT_PROJECT_VERSION = 1;
				GENERATE_INFOPLIST_FILE = YES;
				INFOPLIST_FILE = HelthApp2/Info.plist;
				INFOPLIST_KEY_UIApplicationSupportsIndirectInputEvents = YES;
				INFOPLIST_KEY_UILaunchStoryboardName = LaunchScreen;
				INFOPLIST_KEY_UIMainStoryboardFile = Main;
				INFOPLIST_KEY_UIStatusBarHidden = NO;
				INFOPLIST_KEY_UISupportedInterfaceOrientations_iPad = "UIInterfaceOrientationPortrait UIInterfaceOrientationPortraitUpsideDown UIInterfaceOrientationLandscapeLeft UIInterfaceOrientationLandscapeRight";
				INFOPLIST_KEY_UISupportedInterfaceOrientations_iPhone = "UIInterfaceOrientationPortrait UIInterfaceOrientationLandscapeLeft UIInterfaceOrientationLandscapeRight";
				IPHONEOS_DEPLOYMENT_TARGET = 15.1;
				LD_RUNPATH_SEARCH_PATHS = (
					"$(inherited)",
					"@executable_path/Frameworks",
				);
				MARKETING_VERSION = 1.0;
				PRODUCT_BUNDLE_IDENTIFIER = com.seongho.HelthApp2;
				PRODUCT_NAME = "$(TARGET_NAME)";
				SUPPORTED_PLATFORMS = "iphoneos iphonesimulator";
				SUPPORTS_MACCATALYST = NO;
				SUPPORTS_MAC_DESIGNED_FOR_IPHONE_IPAD = NO;
				SWIFT_EMIT_LOC_STRINGS = YES;
				SWIFT_VERSION = 5.0;
				TARGETED_DEVICE_FAMILY = 1;
			};
			name = Debug;
		};
		18777A0329E8122E000E5E4D /* Release */ = {
			isa = XCBuildConfiguration;
			baseConfigurationReference = 40242D75D77800A93F627593 /* Pods-HelthApp2.release.xcconfig */;
			buildSettings = {
				ASSETCATALOG_COMPILER_APPICON_NAME = AppIcon;
				ASSETCATALOG_COMPILER_GLOBAL_ACCENT_COLOR_NAME = AccentColor;
				CODE_SIGN_STYLE = Automatic;
				CURRENT_PROJECT_VERSION = 1;
				GENERATE_INFOPLIST_FILE = YES;
				INFOPLIST_FILE = HelthApp2/Info.plist;
				INFOPLIST_KEY_UIApplicationSupportsIndirectInputEvents = YES;
				INFOPLIST_KEY_UILaunchStoryboardName = LaunchScreen;
				INFOPLIST_KEY_UIMainStoryboardFile = Main;
				INFOPLIST_KEY_UIStatusBarHidden = NO;
				INFOPLIST_KEY_UISupportedInterfaceOrientations_iPad = "UIInterfaceOrientationPortrait UIInterfaceOrientationPortraitUpsideDown UIInterfaceOrientationLandscapeLeft UIInterfaceOrientationLandscapeRight";
				INFOPLIST_KEY_UISupportedInterfaceOrientations_iPhone = "UIInterfaceOrientationPortrait UIInterfaceOrientationLandscapeLeft UIInterfaceOrientationLandscapeRight";
				IPHONEOS_DEPLOYMENT_TARGET = 15.1;
				LD_RUNPATH_SEARCH_PATHS = (
					"$(inherited)",
					"@executable_path/Frameworks",
				);
				MARKETING_VERSION = 1.0;
				PRODUCT_BUNDLE_IDENTIFIER = com.seongho.HelthApp2;
				PRODUCT_NAME = "$(TARGET_NAME)";
				SUPPORTED_PLATFORMS = "iphoneos iphonesimulator";
				SUPPORTS_MACCATALYST = NO;
				SUPPORTS_MAC_DESIGNED_FOR_IPHONE_IPAD = NO;
				SWIFT_EMIT_LOC_STRINGS = YES;
				SWIFT_VERSION = 5.0;
				TARGETED_DEVICE_FAMILY = 1;
			};
			name = Release;
		};
/* End XCBuildConfiguration section */

/* Begin XCConfigurationList section */
		187779E829E8122C000E5E4D /* Build configuration list for PBXProject "HelthApp2" */ = {
			isa = XCConfigurationList;
			buildConfigurations = (
				187779FF29E8122E000E5E4D /* Debug */,
				18777A0029E8122E000E5E4D /* Release */,
			);
			defaultConfigurationIsVisible = 0;
			defaultConfigurationName = Release;
		};
		18777A0129E8122E000E5E4D /* Build configuration list for PBXNativeTarget "HelthApp2" */ = {
			isa = XCConfigurationList;
			buildConfigurations = (
				18777A0229E8122E000E5E4D /* Debug */,
				18777A0329E8122E000E5E4D /* Release */,
			);
			defaultConfigurationIsVisible = 0;
			defaultConfigurationName = Release;
		};
/* End XCConfigurationList section */
	};
	rootObject = 187779E529E8122C000E5E4D /* Project object */;
}
