PODS:
  - FSCalendar (2.8.4)
  - SnapKit (5.6.0)
  - Then (3.0.0)

DEPENDENCIES:
  - FSCalendar
  - SnapKit
  - Then

SPEC REPOS:
  trunk:
    - FSCalendar
    - SnapKit
    - Then

SPEC CHECKSUMS:
  FSCalendar: 2d1d0d9398f12d439f55c1fe0f01525b151b8260
  SnapKit: e01d52ebb8ddbc333eefe2132acf85c8227d9c25
  Then: 844265ae87834bbe1147d91d5d41a404da2ec27d

PODFILE CHECKSUM: 8014a00c8889c81e74f537486b9afc14d8d5e776

COCOAPODS: 1.12.0
